Microsoft Visual Studio Solution File, Format Version 12.00
# 
Project("{2150E333-8FDC-42A3-9474-1A3956D46DE8}") = "Solution Items", "Solution Items", "{B283EBC2-E01F-412D-9339-FD56EF114549}"
	ProjectSection(SolutionItems) = preProject
		..\..\..\Directory.Build.props = ..\..\..\Directory.Build.props
		..\..\..\Directory.Build.targets = ..\..\..\Directory.Build.targets
		..\..\..\global.json = ..\..\..\global.json
		..\..\..\Packages\Versions.Local.props = ..\..\..\Packages\Versions.Local.props
	EndProjectSection
EndProject
Project("{FAE04EC0-301F-11D3-BF4B-00C04F79EFBC}") = "Dgmjr.ComponentModel", "..\ComponentModel\Dgmjr.ComponentModel.csproj", "{C5218B5F-7A8E-474D-B7BD-3C8369309861}"
EndProject
Project("{FAE04EC0-301F-11D3-BF4B-00C04F79EFBC}") = "Dgmjr.Abstractions", "Dgmjr.Abstractions.csproj", "{A2F9676F-D2B3-436D-99A7-68FF47AC8741}"
EndProject
Global
	GlobalSection(SolutionConfigurationPlatforms) = preSolution
		Debug|Any CPU = Debug|Any CPU
		Debug|x64 = Debug|x64
		Debug|x86 = Debug|x86
		Release|Any CPU = Release|Any CPU
		Release|x64 = Release|x64
		Release|x86 = Release|x86
	EndGlobalSection
	GlobalSection(ProjectConfigurationPlatforms) = postSolution
		{C5218B5F-7A8E-474D-B7BD-3C8369309861}.Debug|Any CPU.ActiveCfg = Debug|Any CPU
		{C5218B5F-7A8E-474D-B7BD-3C8369309861}.Debug|Any CPU.Build.0 = Debug|Any CPU
		{C5218B5F-7A8E-474D-B7BD-3C8369309861}.Debug|x64.ActiveCfg = Debug|Any CPU
		{C5218B5F-7A8E-474D-B7BD-3C8369309861}.Debug|x64.Build.0 = Debug|Any CPU
		{C5218B5F-7A8E-474D-B7BD-3C8369309861}.Debug|x86.ActiveCfg = Debug|Any CPU
		{C5218B5F-7A8E-474D-B7BD-3C8369309861}.Debug|x86.Build.0 = Debug|Any CPU
		{C5218B5F-7A8E-474D-B7BD-3C8369309861}.Release|Any CPU.ActiveCfg = Release|Any CPU
		{C5218B5F-7A8E-474D-B7BD-3C8369309861}.Release|Any CPU.Build.0 = Release|Any CPU
		{C5218B5F-7A8E-474D-B7BD-3C8369309861}.Release|x64.ActiveCfg = Release|Any CPU
		{C5218B5F-7A8E-474D-B7BD-3C8369309861}.Release|x64.Build.0 = Release|Any CPU
		{C5218B5F-7A8E-474D-B7BD-3C8369309861}.Release|x86.ActiveCfg = Release|Any CPU
		{C5218B5F-7A8E-474D-B7BD-3C8369309861}.Release|x86.Build.0 = Release|Any CPU
		{A2F9676F-D2B3-436D-99A7-68FF47AC8741}.Debug|Any CPU.ActiveCfg = Debug|Any CPU
		{A2F9676F-D2B3-436D-99A7-68FF47AC8741}.Debug|Any CPU.Build.0 = Debug|Any CPU
		{A2F9676F-D2B3-436D-99A7-68FF47AC8741}.Debug|x64.ActiveCfg = Debug|Any CPU
		{A2F9676F-D2B3-436D-99A7-68FF47AC8741}.Debug|x64.Build.0 = Debug|Any CPU
		{A2F9676F-D2B3-436D-99A7-68FF47AC8741}.Debug|x86.ActiveCfg = Debug|Any CPU
		{A2F9676F-D2B3-436D-99A7-68FF47AC8741}.Debug|x86.Build.0 = Debug|Any CPU
		{A2F9676F-D2B3-436D-99A7-68FF47AC8741}.Release|Any CPU.ActiveCfg = Release|Any CPU
		{A2F9676F-D2B3-436D-99A7-68FF47AC8741}.Release|Any CPU.Build.0 = Release|Any CPU
		{A2F9676F-D2B3-436D-99A7-68FF47AC8741}.Release|x64.ActiveCfg = Release|Any CPU
		{A2F9676F-D2B3-436D-99A7-68FF47AC8741}.Release|x64.Build.0 = Release|Any CPU
		{A2F9676F-D2B3-436D-99A7-68FF47AC8741}.Release|x86.ActiveCfg = Release|Any CPU
		{A2F9676F-D2B3-436D-99A7-68FF47AC8741}.Release|x86.Build.0 = Release|Any CPU
	EndGlobalSection
	GlobalSection(SolutionProperties) = preSolution
		HideSolutionNode = FALSE
	EndGlobalSection
	GlobalSection(ExtensibilityGlobals) = postSolution
		SolutionGuid = {01F9810E-EBD5-47F1-B330-96079051631F}
	EndGlobalSection
EndGlobal
